
Microsoft Visual Studio Solution File, Format Version 12.00
# Visual Studio Version 16
VisualStudioVersion = 16.0.31112.23
MinimumVisualStudioVersion = 10.0.40219.1
Project("{9A19103F-16F7-4668-BE54-9A1E7A4F7556}") = "TravelAgency", "TravelAgency\TravelAgency.csproj", "{59B0982B-7A4E-4CBD-99B1-E89E0FF91D60}"
EndProject
Project("{9A19103F-16F7-4668-BE54-9A1E7A4F7556}") = "DataAccess", "DataAccess\DataAccess.csproj", "{B6A4DE44-127B-4250-A33B-2A053E176D2A}"
EndProject
Project("{9A19103F-16F7-4668-BE54-9A1E7A4F7556}") = "RulesBusiness", "RulesBusiness\RulesBusiness.csproj", "{BE2F7A05-15F8-4D3E-978D-B212742CB139}"
EndProject
Project("{FAE04EC0-301F-11D3-BF4B-00C04F79EFBC}") = "TravelAgencyTest", "TravelAgencyTest\TravelAgencyTest.csproj", "{0AFCE99D-4370-4FC9-AE07-BB7ADD6DC629}"
EndProject
Global
	GlobalSection(SolutionConfigurationPlatforms) = preSolution
		Debug|Any CPU = Debug|Any CPU
		Release|Any CPU = Release|Any CPU
	EndGlobalSection
	GlobalSection(ProjectConfigurationPlatforms) = postSolution
		{59B0982B-7A4E-4CBD-99B1-E89E0FF91D60}.Debug|Any CPU.ActiveCfg = Debug|Any CPU
		{59B0982B-7A4E-4CBD-99B1-E89E0FF91D60}.Debug|Any CPU.Build.0 = Debug|Any CPU
		{59B0982B-7A4E-4CBD-99B1-E89E0FF91D60}.Release|Any CPU.ActiveCfg = Release|Any CPU
		{59B0982B-7A4E-4CBD-99B1-E89E0FF91D60}.Release|Any CPU.Build.0 = Release|Any CPU
		{B6A4DE44-127B-4250-A33B-2A053E176D2A}.Debug|Any CPU.ActiveCfg = Debug|Any CPU
		{B6A4DE44-127B-4250-A33B-2A053E176D2A}.Debug|Any CPU.Build.0 = Debug|Any CPU
		{B6A4DE44-127B-4250-A33B-2A053E176D2A}.Release|Any CPU.ActiveCfg = Release|Any CPU
		{B6A4DE44-127B-4250-A33B-2A053E176D2A}.Release|Any CPU.Build.0 = Release|Any CPU
		{BE2F7A05-15F8-4D3E-978D-B212742CB139}.Debug|Any CPU.ActiveCfg = Debug|Any CPU
		{BE2F7A05-15F8-4D3E-978D-B212742CB139}.Debug|Any CPU.Build.0 = Debug|Any CPU
		{BE2F7A05-15F8-4D3E-978D-B212742CB139}.Release|Any CPU.ActiveCfg = Release|Any CPU
		{BE2F7A05-15F8-4D3E-978D-B212742CB139}.Release|Any CPU.Build.0 = Release|Any CPU
		{0AFCE99D-4370-4FC9-AE07-BB7ADD6DC629}.Debug|Any CPU.ActiveCfg = Debug|Any CPU
		{0AFCE99D-4370-4FC9-AE07-BB7ADD6DC629}.Debug|Any CPU.Build.0 = Debug|Any CPU
		{0AFCE99D-4370-4FC9-AE07-BB7ADD6DC629}.Release|Any CPU.ActiveCfg = Release|Any CPU
		{0AFCE99D-4370-4FC9-AE07-BB7ADD6DC629}.Release|Any CPU.Build.0 = Release|Any CPU
	EndGlobalSection
	GlobalSection(SolutionProperties) = preSolution
		HideSolutionNode = FALSE
	EndGlobalSection
	GlobalSection(ExtensibilityGlobals) = postSolution
		SolutionGuid = {83DB0CFE-7DE4-41B2-A08F-481E360B961E}
	EndGlobalSection
EndGlobal
